{
    "name": "synctune-docs",
    "version": "1.0.0",
    "lockfileVersion": 1,
    "requires": true,
    "dependencies": {
        "markdown-it-custom-header-link": {
            "version": "1.0.4",
            "resolved": "https://registry.npmjs.org/markdown-it-custom-header-link/-/markdown-it-custom-header-link-1.0.4.tgz",
            "integrity": "sha512-RECLb8lVrhTeTXpcTTkZwV6N99AK4j65H4woeXEV0JSGmoRU+z6xC0jFHEG5gWPN97ooOqWb94VAiSz244d+8w=="
        }
    }
}
